<?xml version="1.0" encoding="utf-8"?>
<Project ToolsVersion="4.0" xmlns="http://schemas.microsoft.com/developer/msbuild/2003">
  <ItemGroup>
    <ClCompile Include="tutorial3.cpp" />
    <ClCompile Include="renderer.cpp">
      <Filter>source</Filter>
    </ClCompile>
  </ItemGroup>
  <ItemGroup>
    <Filter Include="Head">
      <UniqueIdentifier>{083c85bc-c9dd-4b6e-8762-a1046c23e4b5}</UniqueIdentifier>
    </Filter>
    <Filter Include="source">
      <UniqueIdentifier>{599d2e35-d4d9-4261-a7c9-e9e592e2badd}</UniqueIdentifier>
    </Filter>
  </ItemGroup>
  <ItemGroup>
    <ClInclude Include="renderer.h">
      <Filter>Head</Filter>
    </ClInclude>
  </ItemGroup>
</Project>